
Microsoft Visual Studio Solution File, Format Version 12.00
# Visual Studio 15
VisualStudioVersion = 15.0.28307.572
MinimumVisualStudioVersion = 10.0.40219.1
Project("{FAE04EC0-301F-11D3-BF4B-00C04F79EFBC}") = "GentleWare.TimeRegistration", "src\GentleWare.TimeRegistration\GentleWare.TimeRegistration.csproj", "{57C1E918-0C9A-4F79-A1F6-679971128771}"
EndProject
Project("{FAE04EC0-301F-11D3-BF4B-00C04F79EFBC}") = "GentleWare.TimeRegistration.UnitTests", "test\GentleWare.TimeRegistration.UnitTests\GentleWare.TimeRegistration.UnitTests.csproj", "{C01DD07C-3A90-4890-AF77-515353C63048}"
EndProject
Project("{2150E333-8FDC-42A3-9474-1A3956D46DE8}") = "Solution Items", "Solution Items", "{CC7EA44D-E247-4594-A912-D91AED0B05AE}"
	ProjectSection(SolutionItems) = preProject
		.editorconfig = .editorconfig
		.gitattributes = .gitattributes
		.gitignore = .gitignore
		README.md = README.md
	EndProjectSection
EndProject
Global
	GlobalSection(SolutionConfigurationPlatforms) = preSolution
		Debug|Any CPU = Debug|Any CPU
		Release|Any CPU = Release|Any CPU
	EndGlobalSection
	GlobalSection(ProjectConfigurationPlatforms) = postSolution
		{57C1E918-0C9A-4F79-A1F6-679971128771}.Debug|Any CPU.ActiveCfg = Debug|Any CPU
		{57C1E918-0C9A-4F79-A1F6-679971128771}.Debug|Any CPU.Build.0 = Debug|Any CPU
		{57C1E918-0C9A-4F79-A1F6-679971128771}.Release|Any CPU.ActiveCfg = Release|Any CPU
		{57C1E918-0C9A-4F79-A1F6-679971128771}.Release|Any CPU.Build.0 = Release|Any CPU
		{C01DD07C-3A90-4890-AF77-515353C63048}.Debug|Any CPU.ActiveCfg = Debug|Any CPU
		{C01DD07C-3A90-4890-AF77-515353C63048}.Debug|Any CPU.Build.0 = Debug|Any CPU
		{C01DD07C-3A90-4890-AF77-515353C63048}.Release|Any CPU.ActiveCfg = Release|Any CPU
		{C01DD07C-3A90-4890-AF77-515353C63048}.Release|Any CPU.Build.0 = Release|Any CPU
	EndGlobalSection
	GlobalSection(SolutionProperties) = preSolution
		HideSolutionNode = FALSE
	EndGlobalSection
	GlobalSection(ExtensibilityGlobals) = postSolution
		SolutionGuid = {DD80B3E2-0F73-43DD-8159-04AEA39A0CAB}
	EndGlobalSection
EndGlobal
